
Microsoft Visual Studio Solution File, Format Version 12.00
# Visual Studio Version 17
VisualStudioVersion = 17.5.002.0
MinimumVisualStudioVersion = 10.0.40219.1
Project("{9A19103F-16F7-4668-BE54-9A1E7A4F7556}") = "task10", "task10.csproj", "{BEF280D0-E67C-469B-B8AE-B6E36AF43437}"
EndProject
Global
	GlobalSection(SolutionConfigurationPlatforms) = preSolution
		Debug|Any CPU = Debug|Any CPU
		Release|Any CPU = Release|Any CPU
	EndGlobalSection
	GlobalSection(ProjectConfigurationPlatforms) = postSolution
		{BEF280D0-E67C-469B-B8AE-B6E36AF43437}.Debug|Any CPU.ActiveCfg = Debug|Any CPU
		{BEF280D0-E67C-469B-B8AE-B6E36AF43437}.Debug|Any CPU.Build.0 = Debug|Any CPU
		{BEF280D0-E67C-469B-B8AE-B6E36AF43437}.Release|Any CPU.ActiveCfg = Release|Any CPU
		{BEF280D0-E67C-469B-B8AE-B6E36AF43437}.Release|Any CPU.Build.0 = Release|Any CPU
	EndGlobalSection
	GlobalSection(SolutionProperties) = preSolution
		HideSolutionNode = FALSE
	EndGlobalSection
	GlobalSection(ExtensibilityGlobals) = postSolution
		SolutionGuid = {057087B0-5701-4246-8DF8-F5E03AD3A9B1}
	EndGlobalSection
EndGlobal
